{
  "requires": true,
  "lockfileVersion": 1,
  "dependencies": {
    "bs-custom-file-input": {
      "version": "1.3.4",
      "resolved": "https://registry.npmjs.org/bs-custom-file-input/-/bs-custom-file-input-1.3.4.tgz",
      "integrity": "sha512-NBsQzTnef3OW1MvdKBbMHAYHssCd613MSeJV7z2McXznWtVMnJCy7Ckyc+PwxV6Pk16cu6YBcYWh/ZE0XWNKCA=="
    }
  }
}
